
Microsoft Visual Studio Solution File, Format Version 12.00
# Visual Studio 15
VisualStudioVersion = 15.0.28307.489
MinimumVisualStudioVersion = 10.0.40219.1
Project("{9A19103F-16F7-4668-BE54-9A1E7A4F7556}") = "Magic.API", "Magic.API\Magic.API.csproj", "{3E3D4663-0ACB-42C5-8A6E-FCFD1C236B96}"
EndProject
Project("{9A19103F-16F7-4668-BE54-9A1E7A4F7556}") = "Magic.Domain", "Magic.Domain\Magic.Domain\Magic.Domain.csproj", "{1DA6662E-DFFA-4102-A627-5E0865A1D59D}"
EndProject
Project("{FAE04EC0-301F-11D3-BF4B-00C04F79EFBC}") = "Magic.Data", "Magic.Data\Magic.Data.csproj", "{09C69BFC-330A-4CCC-9E3F-E4F147956C0D}"
EndProject
Project("{FAE04EC0-301F-11D3-BF4B-00C04F79EFBC}") = "Magic.Domain.Service", "Domain.Service\Magic.Domain.Service.csproj", "{03E5E0AA-134C-4AE4-8EE0-355E88A519FB}"
EndProject
Global
	GlobalSection(SolutionConfigurationPlatforms) = preSolution
		Debug|Any CPU = Debug|Any CPU
		Release|Any CPU = Release|Any CPU
	EndGlobalSection
	GlobalSection(ProjectConfigurationPlatforms) = postSolution
		{3E3D4663-0ACB-42C5-8A6E-FCFD1C236B96}.Debug|Any CPU.ActiveCfg = Debug|Any CPU
		{3E3D4663-0ACB-42C5-8A6E-FCFD1C236B96}.Debug|Any CPU.Build.0 = Debug|Any CPU
		{3E3D4663-0ACB-42C5-8A6E-FCFD1C236B96}.Release|Any CPU.ActiveCfg = Release|Any CPU
		{3E3D4663-0ACB-42C5-8A6E-FCFD1C236B96}.Release|Any CPU.Build.0 = Release|Any CPU
		{1DA6662E-DFFA-4102-A627-5E0865A1D59D}.Debug|Any CPU.ActiveCfg = Debug|Any CPU
		{1DA6662E-DFFA-4102-A627-5E0865A1D59D}.Debug|Any CPU.Build.0 = Debug|Any CPU
		{1DA6662E-DFFA-4102-A627-5E0865A1D59D}.Release|Any CPU.ActiveCfg = Release|Any CPU
		{1DA6662E-DFFA-4102-A627-5E0865A1D59D}.Release|Any CPU.Build.0 = Release|Any CPU
		{09C69BFC-330A-4CCC-9E3F-E4F147956C0D}.Debug|Any CPU.ActiveCfg = Debug|Any CPU
		{09C69BFC-330A-4CCC-9E3F-E4F147956C0D}.Debug|Any CPU.Build.0 = Debug|Any CPU
		{09C69BFC-330A-4CCC-9E3F-E4F147956C0D}.Release|Any CPU.ActiveCfg = Release|Any CPU
		{09C69BFC-330A-4CCC-9E3F-E4F147956C0D}.Release|Any CPU.Build.0 = Release|Any CPU
		{03E5E0AA-134C-4AE4-8EE0-355E88A519FB}.Debug|Any CPU.ActiveCfg = Debug|Any CPU
		{03E5E0AA-134C-4AE4-8EE0-355E88A519FB}.Debug|Any CPU.Build.0 = Debug|Any CPU
		{03E5E0AA-134C-4AE4-8EE0-355E88A519FB}.Release|Any CPU.ActiveCfg = Release|Any CPU
		{03E5E0AA-134C-4AE4-8EE0-355E88A519FB}.Release|Any CPU.Build.0 = Release|Any CPU
	EndGlobalSection
	GlobalSection(SolutionProperties) = preSolution
		HideSolutionNode = FALSE
	EndGlobalSection
	GlobalSection(ExtensibilityGlobals) = postSolution
		SolutionGuid = {BC977FA7-157E-48FC-A085-B768D9714421}
	EndGlobalSection
EndGlobal
